{
    "_meta": {
        "hash": {
            "sha256": "a3bbb8a6c0900b94604f9b39eb7654d34e2fd5fa5f80c203c2c669742dab36b0"
        },
        "pipfile-spec": 6,
        "requires": {
            "python_version": "3.11"
        },
        "sources": [
            {
                "name": "pypi",
                "url": "https://pypi.org/simple",
                "verify_ssl": true
            }
        ]
    },
    "default": {
        "attrs": {
            "hashes": [
                "sha256:16d5969b87f0859ef33a48b35d55ac1be6e42ae49d5e853b597db70c35c57e11",
                "sha256:adcf7e2a1fb3b36ac48d97835bb6d8ade15b8dcce26aba8bf1d14847b57a3373"
            ],
            "markers": "python_version >= '3.9'",
            "version": "==25.4.0"
        },
        "aws-cdk-lib": {
            "hashes": [
                "sha256:24f09f800f9dbfd05c419f9fe15935c8ce08e5403acbeaec4a13bdd29a2a0f73",
                "sha256:ae84d663c8bddab5096273ec41613dad8a94ad90e07ee71ae24018df5b2bfad9"
            ],
            "index": "pypi",
            "markers": "python_version ~= '3.9'",
            "version": "==2.227.0"
        },
        "aws-cdk.asset-awscli-v1": {
            "hashes": [
                "sha256:a957d679a118f4375307ed90b9aed7127c5c1402989438060eae4ab29ab0d13f",
                "sha256:d1001bf56a12f7d1162d4211003d1e8f72a213159465e2d0e1c598cc0ea44aad"
            ],
            "markers": "python_version ~= '3.9'",
            "version": "==2.2.242"
        },
        "aws-cdk.asset-kubectl-v20": {
            "hashes": [
                "sha256:346283e43018a43e3b3ca571de3f44e85d49c038dc20851894cb8f9b2052b164",
                "sha256:7f0617ab6cb942b066bd7174bf3e1f377e57878c3e1cddc21d6b2d13c92d0cc1"
            ],
            "markers": "python_version ~= '3.7'",
            "version": "==2.1.2"
        },
        "aws-cdk.asset-node-proxy-agent-v6": {
            "hashes": [
                "sha256:1f292c0631f86708ba4ee328b3a2b229f7e46ea1c79fbde567ee9eb119c2b0e2",
                "sha256:24a388b69a44d03bae6dbf864c4e25ba650d4b61c008b4568b94ffbb9a69e40e"
            ],
            "markers": "python_version ~= '3.8'",
            "version": "==2.1.0"
        },
        "aws-cdk.cloud-assembly-schema": {
            "hashes": [
                "sha256:229aa136c26b71b0a82b5a32658eabcd30e344f7e136315fdb6e3de8ef523bfa",
                "sha256:f5b6cf661cac8690add9461de13aeae3f3742eec71c066032bd045b08d0b7c3e"
            ],
            "markers": "python_version ~= '3.9'",
            "version": "==48.20.0"
        },
        "boto3": {
            "hashes": [
                "sha256:7054fbc61cadab383f40ea6d725013ba6c8f569641dddb14c0055e790280ad6c",
                "sha256:edcde82fdae4201aa690e3683f8e5b1a846cf1bbf79d03db4fa8a2f6f46dba9c"
            ],
            "index": "pypi",
            "markers": "python_version >= '3.9'",
            "version": "==1.41.2"
        },
        "botocore": {
            "hashes": [
                "sha256:154052dfaa7292212f01c8fab822c76cd10a15a7e164e4c45e4634eb40214b90",
                "sha256:49a3e8f4c1a1759a687941fef8b36efd7bafcf63c1ef74aa75d6497eb4887c9c"
            ],
            "markers": "python_version >= '3.9'",
            "version": "==1.41.2"
        },
        "cattrs": {
            "hashes": [
                "sha256:1ac88d9e5eda10436c4517e390a4142d88638fe682c436c93db7ce4a277b884a",
                "sha256:9896e84e0a5bf723bc7b4b68f4481785367ce07a8a02e7e9ee6eb2819bc306ff"
            ],
            "markers": "python_version >= '3.9'",
            "version": "==25.3.0"
        },
        "constructs": {
            "hashes": [
                "sha256:43bbefa1ac1c044577d0b1a30648fe5b49557b8b95de2648186f6b909febf7f9",
                "sha256:bfe3657b0acb62af7aa1fda9a7e338ae5cae84ddf8f84f71125a2a3800d52ea0"
            ],
            "index": "pypi",
            "markers": "python_version ~= '3.9'",
            "version": "==10.4.3"
        },
        "importlib-resources": {
            "hashes": [
                "sha256:185f87adef5bcc288449d98fb4fba07cea78bc036455dd44c5fc4a2fe78fed2c",
                "sha256:789cfdc3ed28c78b67a06acb8126751ced69a3d5f79c095a98298cd8a760ccec"
            ],
            "markers": "python_version >= '3.9'",
            "version": "==6.5.2"
        },
        "jmespath": {
            "hashes": [
                "sha256:02e2e4cc71b5bcab88332eebf907519190dd9e6e82107fa7f83b1003a6252980",
                "sha256:90261b206d6defd58fdd5e85f478bf633a2901798906be2ad389150c5c60edbe"
            ],
            "markers": "python_version >= '3.7'",
            "version": "==1.0.1"
        },
        "jsii": {
            "hashes": [
                "sha256:5ba9b8a5420ce66f58b1a71ca57a4566c67f04b469140be335bd74abb91d5e0b",
                "sha256:888855ddb7d124795e0c92c43d858d7d27f5372996210ec447a2a9af3a6c4315"
            ],
            "markers": "python_version ~= '3.9'",
            "version": "==1.120.0"
        },
        "publication": {
            "hashes": [
                "sha256:0248885351febc11d8a1098d5c8e3ab2dabcf3e8c0c96db1e17ecd12b53afbe6",
                "sha256:68416a0de76dddcdd2930d1c8ef853a743cc96c82416c4e4d3b5d901c6276dc4"
            ],
            "version": "==0.0.3"
        },
        "python-dateutil": {
            "hashes": [
                "sha256:37dd54208da7e1cd875388217d5e00ebd4179249f90fb72437e91a35459a0ad3",
                "sha256:a8b2bc7bffae282281c8140a97d3aa9c14da0b136dfe83f850eea9a5f7470427"
            ],
            "markers": "python_version >= '2.7' and python_version not in '3.0, 3.1, 3.2'",
            "version": "==2.9.0.post0"
        },
        "s3transfer": {
            "hashes": [
                "sha256:6f8bf5caa31a0865c4081186689db1b2534cef721d104eb26101de4b9d6a5852",
                "sha256:d36fac8d0e3603eff9b5bfa4282c7ce6feb0301a633566153cbd0b93d11d8379"
            ],
            "markers": "python_version >= '3.9'",
            "version": "==0.15.0"
        },
        "six": {
            "hashes": [
                "sha256:4721f391ed90541fddacab5acf947aa0d3dc7d27b2e1e8eda2be8970586c3274",
                "sha256:ff70335d468e7eb6ec65b95b99d3a2836546063f63acc5171de367e834932a81"
            ],
            "markers": "python_version >= '2.7' and python_version not in '3.0, 3.1, 3.2'",
            "version": "==1.17.0"
        },
        "typeguard": {
            "hashes": [
                "sha256:00edaa8da3a133674796cf5ea87d9f4b4c367d77476e185e80251cc13dfbb8c4",
                "sha256:5e3e3be01e887e7eafae5af63d1f36c849aaa94e3a0112097312aabfa16284f1"
            ],
            "markers": "python_full_version >= '3.5.3'",
            "version": "==2.13.3"
        },
        "typing-extensions": {
            "hashes": [
                "sha256:0cea48d173cc12fa28ecabc3b837ea3cf6f38c6d1136f85cbaaf598984861466",
                "sha256:f0fa19c6845758ab08074a0cfa8b7aecb71c999ca73d62883bc25cc018c4e548"
            ],
            "markers": "python_version >= '3.9'",
            "version": "==4.15.0"
        },
        "urllib3": {
            "hashes": [
                "sha256:3fc47733c7e419d4bc3f6b3dc2b4f890bb743906a30d56ba4a5bfa4bbff92760",
                "sha256:e6b01673c0fa6a13e374b50871808eb3bf7046c4b125b216f6bf1cc604cff0dc"
            ],
            "markers": "python_version >= '3.9'",
            "version": "==2.5.0"
        }
    },
    "develop": {}
}
