{
    "_meta": {
        "hash": {
            "sha256": "36fa605289305524d4a2ed49d6187224ac27b62740e741a08ded628514a5dd80"
        },
        "pipfile-spec": 6,
        "requires": {
            "python_version": "3.9"
        },
        "sources": [
            {
                "name": "pypi",
                "url": "https://pypi.org/simple",
                "verify_ssl": true
            }
        ]
    },
    "default": {
        "attrs": {
            "hashes": [
                "sha256:2d27e3784d7a565d36ab851fe94887c5eccd6a463168875832a1be79c82828b4",
                "sha256:626ba8234211db98e869df76230a137c4c40a12d72445c45d5f5b716f076e2fd"
            ],
            "markers": "python_version >= '2.7' and python_version not in '3.0, 3.1, 3.2, 3.3, 3.4'",
            "version": "==21.4.0"
        },
        "aws-cdk-lib": {
            "hashes": [
                "sha256:44a46daffd9ceaa83bad14df86dce5f18277e05325ff154b6c16e73fc2ba353c",
                "sha256:d8374f6d5bf4830c47fd126f8b94cc7ae499d7118c3b5b3d7852292cfdb406d6"
            ],
            "index": "pypi",
            "version": "==2.21.1"
        },
        "boto3": {
            "hashes": [
                "sha256:733a651e76b37b10c1f7ccba53deae43e47ada8ae64128042632373c5d266cf7",
                "sha256:75310f5bb2af8f51f15f790d95dc4a4725bcec286f83458980ee2c3286cc0a03"
            ],
            "index": "pypi",
            "version": "==1.22.0"
        },
        "botocore": {
            "hashes": [
                "sha256:38c04682e7554dbccb33cd37863d76eaff97922dfb72677d0b7a49f8dbadc373",
                "sha256:646f0631c4ee46928be2dbb4b44e10f5f184e70ed6efddb24bc7328d81d7a175"
            ],
            "markers": "python_version >= '3.6'",
            "version": "==1.25.0"
        },
        "cattrs": {
            "hashes": [
                "sha256:94b67b64cf92c994f8784c40c082177dc916e0489a73a9a36b24eb18a9db40c6",
                "sha256:d55c477b4672f93606e992049f15d526dc7867e6c756cd6256d4af92e2b1e364"
            ],
            "markers": "python_version >= '3.7'",
            "version": "==22.1.0"
        },
        "constructs": {
            "hashes": [
                "sha256:03fe194b03b9f5f9a8ad9c35fb2f061f0f021f384d15144665713576ae64bfd6",
                "sha256:b5ff2b57296a38ae72d048ceb780a33e361a70a216377e0a5e9dfb624f9d20db"
            ],
            "index": "pypi",
            "version": "==10.0.126"
        },
        "exceptiongroup": {
            "hashes": [
                "sha256:21739e657be44a7298757e21227726ed4553e62b3ccb0be9ca5c51a2707d0f52",
                "sha256:b4d7649f94c0317251deb26799c549520072e693d22007e97ceca000421eb2c9"
            ],
            "markers": "python_version < '3.11'",
            "version": "==1.0.0rc4"
        },
        "jmespath": {
            "hashes": [
                "sha256:a490e280edd1f57d6de88636992d05b71e97d69a26a19f058ecf7d304474bf5e",
                "sha256:e8dcd576ed616f14ec02eed0005c85973b5890083313860136657e24784e4c04"
            ],
            "markers": "python_version >= '3.7'",
            "version": "==1.0.0"
        },
        "jsii": {
            "hashes": [
                "sha256:4888091986a9ed8d50b042cc9c35a9564dd54c19e78adb890bf06d9ffac1b325",
                "sha256:ff7a3c51c1a653dd8a4342043b5f8e40b928bc617e3141e0d5d66175d22a754b"
            ],
            "markers": "python_version ~= '3.6'",
            "version": "==1.57.0"
        },
        "publication": {
            "hashes": [
                "sha256:0248885351febc11d8a1098d5c8e3ab2dabcf3e8c0c96db1e17ecd12b53afbe6",
                "sha256:68416a0de76dddcdd2930d1c8ef853a743cc96c82416c4e4d3b5d901c6276dc4"
            ],
            "version": "==0.0.3"
        },
        "python-dateutil": {
            "hashes": [
                "sha256:0123cacc1627ae19ddf3c27a5de5bd67ee4586fbdd6440d9748f8abb483d3e86",
                "sha256:961d03dc3453ebbc59dbdea9e4e11c5651520a876d0f4db161e8674aae935da9"
            ],
            "markers": "python_version >= '2.7' and python_version not in '3.0, 3.1, 3.2, 3.3'",
            "version": "==2.8.2"
        },
        "s3transfer": {
            "hashes": [
                "sha256:7a6f4c4d1fdb9a2b640244008e142cbc2cd3ae34b386584ef044dd0f27101971",
                "sha256:95c58c194ce657a5f4fb0b9e60a84968c808888aed628cd98ab8771fe1db98ed"
            ],
            "markers": "python_version >= '3.6'",
            "version": "==0.5.2"
        },
        "six": {
            "hashes": [
                "sha256:1e61c37477a1626458e36f7b1d82aa5c9b094fa4802892072e49de9c60c4c926",
                "sha256:8abb2f1d86890a2dfb989f9a77cfcfd3e47c2a354b01111771326f8aa26e0254"
            ],
            "markers": "python_version >= '2.7' and python_version not in '3.0, 3.1, 3.2, 3.3'",
            "version": "==1.16.0"
        },
        "typing-extensions": {
            "hashes": [
                "sha256:6657594ee297170d19f67d55c05852a874e7eb634f4f753dbd667855e07c1708",
                "sha256:f1c24655a0da0d1b67f07e17a5e6b2a105894e6824b92096378bb3668ef02376"
            ],
            "markers": "python_version >= '3.7'",
            "version": "==4.2.0"
        },
        "urllib3": {
            "hashes": [
                "sha256:44ece4d53fb1706f667c9bd1c648f5469a2ec925fcf3a776667042d645472c14",
                "sha256:aabaf16477806a5e1dd19aa41f8c2b7950dd3c746362d7e3223dbe6de6ac448e"
            ],
            "markers": "python_version >= '2.7' and python_version not in '3.0, 3.1, 3.2, 3.3, 3.4' and python_version < '4'",
            "version": "==1.26.9"
        }
    },
    "develop": {}
}
