{
    "_meta": {
        "hash": {
            "sha256": "90a9ed31e59f2d85cfd90449b790af610417863979cc3926b7ffb944227e1700"
        },
        "pipfile-spec": 6,
        "requires": {
            "python_version": "3.9"
        },
        "sources": [
            {
                "name": "pypi",
                "url": "https://pypi.org/simple",
                "verify_ssl": true
            }
        ]
    },
    "default": {},
    "develop": {
        "boto3": {
            "hashes": [
                "sha256:7054fbc61cadab383f40ea6d725013ba6c8f569641dddb14c0055e790280ad6c",
                "sha256:edcde82fdae4201aa690e3683f8e5b1a846cf1bbf79d03db4fa8a2f6f46dba9c"
            ],
            "index": "pypi",
            "markers": "python_version >= '3.9'",
            "version": "==1.41.2"
        },
        "boto3-stubs": {
            "extras": [
                "dynamodb"
            ],
            "hashes": [
                "sha256:5aac2ee5c1bed1a322016d37077e42c68c3ff83a42f989549be3ed21f0a7e0a0",
                "sha256:9bdac65413825b1202654bd5633316a561271164c6123211ac805e61cb59f120"
            ],
            "markers": "python_version >= '3.9'",
            "version": "==1.41.2"
        },
        "botocore": {
            "hashes": [
                "sha256:154052dfaa7292212f01c8fab822c76cd10a15a7e164e4c45e4634eb40214b90",
                "sha256:49a3e8f4c1a1759a687941fef8b36efd7bafcf63c1ef74aa75d6497eb4887c9c"
            ],
            "markers": "python_version >= '3.9'",
            "version": "==1.41.2"
        },
        "botocore-stubs": {
            "hashes": [
                "sha256:4b6230cc65466ceb811df8442fe4cd025a955aad8328646791a0f1ed46bccd15",
                "sha256:acf2145b85c5165378b298cb90bbc3a0da59e79204e4af3499d95d0d6d11987c"
            ],
            "markers": "python_version >= '3.9'",
            "version": "==1.41.2.post1"
        },
        "jmespath": {
            "hashes": [
                "sha256:02e2e4cc71b5bcab88332eebf907519190dd9e6e82107fa7f83b1003a6252980",
                "sha256:90261b206d6defd58fdd5e85f478bf633a2901798906be2ad389150c5c60edbe"
            ],
            "markers": "python_version >= '3.7'",
            "version": "==1.0.1"
        },
        "mypy-boto3-dynamodb": {
            "hashes": [
                "sha256:6ce91ab1b8ca2caa5ff0cae75cdfc8af477727aaa9c963c26d11bb333d3c6a0f",
                "sha256:e16b04bca9de1f6ea729c8e8bca14d0d14b29cb56b4c1fd626b6745a07a72ea4"
            ],
            "markers": "python_version >= '3.9'",
            "version": "==1.41.0"
        },
        "python-dateutil": {
            "hashes": [
                "sha256:37dd54208da7e1cd875388217d5e00ebd4179249f90fb72437e91a35459a0ad3",
                "sha256:a8b2bc7bffae282281c8140a97d3aa9c14da0b136dfe83f850eea9a5f7470427"
            ],
            "markers": "python_version >= '2.7' and python_version not in '3.0, 3.1, 3.2'",
            "version": "==2.9.0.post0"
        },
        "s3transfer": {
            "hashes": [
                "sha256:6f8bf5caa31a0865c4081186689db1b2534cef721d104eb26101de4b9d6a5852",
                "sha256:d36fac8d0e3603eff9b5bfa4282c7ce6feb0301a633566153cbd0b93d11d8379"
            ],
            "markers": "python_version >= '3.9'",
            "version": "==0.15.0"
        },
        "six": {
            "hashes": [
                "sha256:4721f391ed90541fddacab5acf947aa0d3dc7d27b2e1e8eda2be8970586c3274",
                "sha256:ff70335d468e7eb6ec65b95b99d3a2836546063f63acc5171de367e834932a81"
            ],
            "markers": "python_version >= '2.7' and python_version not in '3.0, 3.1, 3.2'",
            "version": "==1.17.0"
        },
        "types-awscrt": {
            "hashes": [
                "sha256:7f81040846095cbaf64e6b79040434750d4f2f487544d7748b778c349d393510",
                "sha256:ece1906d5708b51b6603b56607a702ed1e5338a2df9f31950e000f03665ac387"
            ],
            "markers": "python_version >= '3.8'",
            "version": "==0.29.0"
        },
        "types-s3transfer": {
            "hashes": [
                "sha256:1e617b14a9d3ce5be565f4b187fafa1d96075546b52072121f8fda8e0a444aed",
                "sha256:43a523e0c43a88e447dfda5f4f6b63bf3da85316fdd2625f650817f2b170b5f7"
            ],
            "markers": "python_version >= '3.8'",
            "version": "==0.15.0"
        },
        "typing-extensions": {
            "hashes": [
                "sha256:0cea48d173cc12fa28ecabc3b837ea3cf6f38c6d1136f85cbaaf598984861466",
                "sha256:f0fa19c6845758ab08074a0cfa8b7aecb71c999ca73d62883bc25cc018c4e548"
            ],
            "markers": "python_version >= '3.9'",
            "version": "==4.15.0"
        },
        "urllib3": {
            "hashes": [
                "sha256:0ed14ccfbf1c30a9072c7ca157e4319b70d65f623e91e7b32fadb2853431016e",
                "sha256:40c2dc0c681e47eb8f90e7e27bf6ff7df2e677421fd46756da1161c39ca70d32"
            ],
            "markers": "python_version >= '2.7' and python_version not in '3.0, 3.1, 3.2, 3.3, 3.4, 3.5'",
            "version": "==1.26.20"
        }
    }
}
